{
  "version": 4,
  "terraform_version": "1.1.5",
  "serial": 193,
  "lineage": "0e19733c-be64-a5c2-2d79-428b4927b28c",
  "outputs": {
    "management_dashboard": {
      "value": "http://34.212.123.249:9672",
      "type": "string"
    },
    "project_uuid": {
      "value": "c73046cd67bf92dc",
      "type": "string"
    },
    "web_admin_name": {
      "value": "admin",
      "type": "string"
    },
    "web_admin_pass": {
      "value": "5322e0104d4b031d",
      "type": "string"
    }
  },
  "resources": [
    {
      "mode": "data",
      "type": "aws_ami",
      "name": "latest_ubuntu",
      "provider": "provider[\"registry.terraform.io/hashicorp/aws\"]",
      "instances": [
        {
          "schema_version": 0,
          "attributes": {
            "architecture": "x86_64",
            "arn": "arn:aws:ec2:us-west-2::image/ami-0123376e204addb71",
            "block_device_mappings": [
              {
                "device_name": "/dev/sda1",
                "ebs": {
                  "delete_on_termination": "true",
                  "encrypted": "false",
                  "iops": "0",
                  "snapshot_id": "snap-0299f5804ab563d0a",
                  "throughput": "0",
                  "volume_size": "8",
                  "volume_type": "gp2"
                },
                "no_device": "",
                "virtual_name": ""
              },
              {
                "device_name": "/dev/sdb",
                "ebs": {},
                "no_device": "",
                "virtual_name": "ephemeral0"
              },
              {
                "device_name": "/dev/sdc",
                "ebs": {},
                "no_device": "",
                "virtual_name": "ephemeral1"
              }
            ],
            "boot_mode": "",
            "creation_date": "2022-09-02T01:14:42.000Z",
            "deprecation_time": "2024-09-02T01:14:42.000Z",
            "description": "Canonical, Ubuntu, 20.04 LTS, amd64 focal image build on 2022-09-01",
            "ena_support": true,
            "executable_users": null,
            "filter": [
              {
                "name": "architecture",
                "values": [
                  "x86_64"
                ]
              },
              {
                "name": "name",
                "values": [
                  "ubuntu/images/hvm-ssd/ubuntu-focal-20.04-*-server-*"
                ]
              }
            ],
            "hypervisor": "xen",
            "id": "ami-0123376e204addb71",
            "image_id": "ami-0123376e204addb71",
            "image_location": "amazon/ubuntu/images/hvm-ssd/ubuntu-focal-20.04-amd64-server-20220901",
            "image_owner_alias": "amazon",
            "image_type": "machine",
            "include_deprecated": false,
            "kernel_id": "",
            "most_recent": true,
            "name": "ubuntu/images/hvm-ssd/ubuntu-focal-20.04-amd64-server-20220901",
            "name_regex": null,
            "owner_id": "099720109477",
            "owners": [
              "099720109477"
            ],
            "platform": "",
            "platform_details": "Linux/UNIX",
            "product_codes": [],
            "public": true,
            "ramdisk_id": "",
            "root_device_name": "/dev/sda1",
            "root_device_type": "ebs",
            "root_snapshot_id": "snap-0299f5804ab563d0a",
            "sriov_net_support": "simple",
            "state": "available",
            "state_reason": {
              "code": "UNSET",
              "message": "UNSET"
            },
            "tags": {},
            "timeouts": null,
            "tpm_support": "",
            "usage_operation": "RunInstances",
            "virtualization_type": "hvm"
          },
          "sensitive_attributes": []
        }
      ]
    },
    {
      "mode": "data",
      "type": "aws_iam_policy_document",
      "name": "ec2-assume-role",
      "provider": "provider[\"registry.terraform.io/hashicorp/aws\"]",
      "instances": [
        {
          "schema_version": 0,
          "attributes": {
            "id": "1903849331",
            "json": "{\n  \"Version\": \"2012-10-17\",\n  \"Statement\": [\n    {\n      \"Sid\": \"\",\n      \"Effect\": \"Allow\",\n      \"Action\": \"sts:AssumeRole\",\n      \"Principal\": {\n        \"Service\": \"ec2.amazonaws.com\"\n      }\n    }\n  ]\n}",
            "override_json": null,
            "override_policy_documents": null,
            "policy_id": null,
            "source_json": null,
            "source_policy_documents": null,
            "statement": [
              {
                "actions": [
                  "sts:AssumeRole"
                ],
                "condition": [],
                "effect": "Allow",
                "not_actions": [],
                "not_principals": [],
                "not_resources": [],
                "principals": [
                  {
                    "identifiers": [
                      "ec2.amazonaws.com"
                    ],
                    "type": "Service"
                  }
                ],
                "resources": [],
                "sid": ""
              }
            ],
            "version": "2012-10-17"
          },
          "sensitive_attributes": []
        }
      ]
    },
    {
      "mode": "managed",
      "type": "aws_default_vpc",
      "name": "default",
      "provider": "provider[\"registry.terraform.io/hashicorp/aws\"]",
      "instances": [
        {
          "schema_version": 1,
          "attributes": {
            "arn": "arn:aws:ec2:us-west-2:207351400916:vpc/vpc-6cc2c514",
            "assign_generated_ipv6_cidr_block": false,
            "cidr_block": "172.31.0.0/16",
            "default_network_acl_id": "acl-0506997e",
            "default_route_table_id": "rtb-66e2021c",
            "default_security_group_id": "sg-b16bd287",
            "dhcp_options_id": "dopt-d7fbc7af",
            "enable_classiclink": false,
            "enable_classiclink_dns_support": false,
            "enable_dns_hostnames": true,
            "enable_dns_support": true,
            "existing_default_vpc": true,
            "force_destroy": false,
            "id": "vpc-6cc2c514",
            "instance_tenancy": "default",
            "ipv6_association_id": "",
            "ipv6_cidr_block": "",
            "ipv6_cidr_block_network_border_group": "",
            "ipv6_ipam_pool_id": "",
            "ipv6_netmask_length": 0,
            "main_route_table_id": "rtb-66e2021c",
            "owner_id": "207351400916",
            "tags": {
              "Name": "Default VPC"
            },
            "tags_all": {
              "Name": "Default VPC"
            }
          },
          "sensitive_attributes": [],
          "private": "eyJzY2hlbWFfdmVyc2lvbiI6IjEifQ=="
        }
      ]
    },
    {
      "mode": "managed",
      "type": "aws_eip",
      "name": "wireguard",
      "provider": "provider[\"registry.terraform.io/hashicorp/aws\"]",
      "instances": [
        {
          "schema_version": 0,
          "attributes": {
            "address": null,
            "allocation_id": "eipalloc-0ad09e0f2ef86f5ef",
            "associate_with_private_ip": null,
            "association_id": "eipassoc-09120953987b735f3",
            "carrier_ip": "",
            "customer_owned_ip": "",
            "customer_owned_ipv4_pool": "",
            "domain": "vpc",
            "id": "eipalloc-0ad09e0f2ef86f5ef",
            "instance": "i-019c11853cade4c34",
            "network_border_group": "us-west-2",
            "network_interface": "eni-04dfa4f9b2a863c14",
            "private_dns": "ip-172-31-59-87.us-west-2.compute.internal",
            "private_ip": "172.31.59.87",
            "public_dns": "ec2-34-212-123-249.us-west-2.compute.amazonaws.com",
            "public_ip": "34.212.123.249",
            "public_ipv4_pool": "amazon",
            "tags": {
              "Name": "wireguard Public IP",
              "Project UUID": "c73046cd67bf92dc"
            },
            "tags_all": {
              "Name": "wireguard Public IP",
              "Project UUID": "c73046cd67bf92dc"
            },
            "timeouts": null,
            "vpc": true
          },
          "sensitive_attributes": [],
          "private": "eyJlMmJmYjczMC1lY2FhLTExZTYtOGY4OC0zNDM2M2JjN2M0YzAiOnsiZGVsZXRlIjoxODAwMDAwMDAwMDAsInJlYWQiOjkwMDAwMDAwMDAwMCwidXBkYXRlIjozMDAwMDAwMDAwMDB9fQ==",
          "dependencies": [
            "aws_default_vpc.default",
            "aws_iam_instance_profile.ec2-s3-role",
            "aws_iam_role.ec2-s3-role",
            "aws_instance.wireguard",
            "aws_key_pair.auth",
            "aws_security_group.wireguard",
            "data.aws_ami.latest_ubuntu",
            "data.aws_iam_policy_document.ec2-assume-role",
            "random_id.project_uuid",
            "random_integer.client_port",
            "random_integer.public_port",
            "tls_private_key.ssh"
          ]
        }
      ]
    },
    {
      "mode": "managed",
      "type": "aws_iam_instance_profile",
      "name": "ec2-s3-role",
      "provider": "provider[\"registry.terraform.io/hashicorp/aws\"]",
      "instances": [
        {
          "schema_version": 0,
          "attributes": {
            "arn": "arn:aws:iam::207351400916:instance-profile/EC2ToS3Access",
            "create_date": "2022-09-08T10:22:54Z",
            "id": "EC2ToS3Access",
            "name": "EC2ToS3Access",
            "name_prefix": null,
            "path": "/",
            "role": "EC2ToS3Access",
            "tags": null,
            "tags_all": {},
            "unique_id": "AIPATARY3JHKGDK2VFVTW"
          },
          "sensitive_attributes": [],
          "private": "bnVsbA==",
          "dependencies": [
            "aws_iam_role.ec2-s3-role",
            "data.aws_iam_policy_document.ec2-assume-role"
          ]
        }
      ]
    },
    {
      "mode": "managed",
      "type": "aws_iam_role",
      "name": "ec2-s3-role",
      "provider": "provider[\"registry.terraform.io/hashicorp/aws\"]",
      "instances": [
        {
          "schema_version": 0,
          "attributes": {
            "arn": "arn:aws:iam::207351400916:role/EC2ToS3Access",
            "assume_role_policy": "{\"Statement\":[{\"Action\":\"sts:AssumeRole\",\"Effect\":\"Allow\",\"Principal\":{\"Service\":\"ec2.amazonaws.com\"},\"Sid\":\"\"}],\"Version\":\"2012-10-17\"}",
            "create_date": "2022-09-08T10:22:52Z",
            "description": "",
            "force_detach_policies": false,
            "id": "EC2ToS3Access",
            "inline_policy": [],
            "managed_policy_arns": [
              "arn:aws:iam::aws:policy/AmazonEC2FullAccess",
              "arn:aws:iam::aws:policy/AmazonS3FullAccess"
            ],
            "max_session_duration": 3600,
            "name": "EC2ToS3Access",
            "name_prefix": "",
            "path": "/",
            "permissions_boundary": null,
            "tags": null,
            "tags_all": {},
            "unique_id": "AROATARY3JHKN6NAYPSZW"
          },
          "sensitive_attributes": [],
          "private": "bnVsbA==",
          "dependencies": [
            "data.aws_iam_policy_document.ec2-assume-role"
          ]
        }
      ]
    },
    {
      "mode": "managed",
      "type": "aws_instance",
      "name": "wireguard",
      "provider": "provider[\"registry.terraform.io/hashicorp/aws\"]",
      "instances": [
        {
          "schema_version": 1,
          "attributes": {
            "ami": "ami-0123376e204addb71",
            "arn": "arn:aws:ec2:us-west-2:207351400916:instance/i-019c11853cade4c34",
            "associate_public_ip_address": true,
            "availability_zone": "us-west-2d",
            "capacity_reservation_specification": [
              {
                "capacity_reservation_preference": "open",
                "capacity_reservation_target": []
              }
            ],
            "cpu_core_count": 1,
            "cpu_threads_per_core": 2,
            "credit_specification": [
              {
                "cpu_credits": "unlimited"
              }
            ],
            "disable_api_stop": false,
            "disable_api_termination": false,
            "ebs_block_device": [],
            "ebs_optimized": false,
            "enclave_options": [
              {
                "enabled": false
              }
            ],
            "ephemeral_block_device": [],
            "get_password_data": false,
            "hibernation": false,
            "host_id": null,
            "iam_instance_profile": "EC2ToS3Access",
            "id": "i-019c11853cade4c34",
            "instance_initiated_shutdown_behavior": "stop",
            "instance_state": "running",
            "instance_type": "t3a.micro",
            "ipv6_address_count": 0,
            "ipv6_addresses": [],
            "key_name": "wireguard-key",
            "launch_template": [],
            "maintenance_options": [
              {
                "auto_recovery": "default"
              }
            ],
            "metadata_options": [
              {
                "http_endpoint": "enabled",
                "http_put_response_hop_limit": 1,
                "http_tokens": "optional",
                "instance_metadata_tags": "disabled"
              }
            ],
            "monitoring": false,
            "network_interface": [],
            "outpost_arn": "",
            "password_data": "",
            "placement_group": "",
            "placement_partition_number": null,
            "primary_network_interface_id": "eni-04dfa4f9b2a863c14",
            "private_dns": "ip-172-31-59-87.us-west-2.compute.internal",
            "private_dns_name_options": [
              {
                "enable_resource_name_dns_a_record": false,
                "enable_resource_name_dns_aaaa_record": false,
                "hostname_type": "ip-name"
              }
            ],
            "private_ip": "172.31.59.87",
            "public_dns": "ec2-35-88-16-35.us-west-2.compute.amazonaws.com",
            "public_ip": "35.88.16.35",
            "root_block_device": [
              {
                "delete_on_termination": true,
                "device_name": "/dev/sda1",
                "encrypted": false,
                "iops": 100,
                "kms_key_id": "",
                "tags": {},
                "throughput": 0,
                "volume_id": "vol-082040110c304b83c",
                "volume_size": 8,
                "volume_type": "gp2"
              }
            ],
            "secondary_private_ips": [],
            "security_groups": [
              "wireguard-sg-vpn"
            ],
            "source_dest_check": true,
            "subnet_id": "subnet-e8eff4c3",
            "tags": {
              "Name": "wireguard VPN Instance",
              "Project UUID": "c73046cd67bf92dc"
            },
            "tags_all": {
              "Name": "wireguard VPN Instance",
              "Project UUID": "c73046cd67bf92dc"
            },
            "tenancy": "default",
            "timeouts": null,
            "user_data": "e2fa6ba781208bc14671051e11466d77e77b3350",
            "user_data_base64": null,
            "user_data_replace_on_change": false,
            "volume_tags": null,
            "vpc_security_group_ids": [
              "sg-0218ddb419c995c8f"
            ]
          },
          "sensitive_attributes": [],
          "private": "eyJlMmJmYjczMC1lY2FhLTExZTYtOGY4OC0zNDM2M2JjN2M0YzAiOnsiY3JlYXRlIjo2MDAwMDAwMDAwMDAsImRlbGV0ZSI6MTIwMDAwMDAwMDAwMCwidXBkYXRlIjo2MDAwMDAwMDAwMDB9LCJzY2hlbWFfdmVyc2lvbiI6IjEifQ==",
          "dependencies": [
            "aws_default_vpc.default",
            "aws_iam_instance_profile.ec2-s3-role",
            "aws_iam_role.ec2-s3-role",
            "aws_key_pair.auth",
            "aws_security_group.wireguard",
            "data.aws_ami.latest_ubuntu",
            "data.aws_iam_policy_document.ec2-assume-role",
            "random_id.project_uuid",
            "random_integer.client_port",
            "random_integer.public_port",
            "tls_private_key.ssh"
          ]
        }
      ]
    },
    {
      "mode": "managed",
      "type": "aws_key_pair",
      "name": "auth",
      "provider": "provider[\"registry.terraform.io/hashicorp/aws\"]",
      "instances": [
        {
          "schema_version": 1,
          "attributes": {
            "arn": "arn:aws:ec2:us-west-2:207351400916:key-pair/wireguard-key",
            "fingerprint": "yt2/UiVSTFYHhhSNO0PA7jqR+nMBQToFa0tPEg8H9vY=",
            "id": "wireguard-key",
            "key_name": "wireguard-key",
            "key_name_prefix": "",
            "key_pair_id": "key-00b40513a5e86239d",
            "key_type": "ed25519",
            "public_key": "ssh-ed25519 AAAAC3NzaC1lZDI1NTE5AAAAIKXx4Ag/7OHQCo+5GfplT0/QSqlLG3oMBcETasf2J39b",
            "tags": null,
            "tags_all": {}
          },
          "sensitive_attributes": [],
          "private": "eyJzY2hlbWFfdmVyc2lvbiI6IjEifQ==",
          "dependencies": [
            "tls_private_key.ssh"
          ]
        }
      ]
    },
    {
      "mode": "managed",
      "type": "aws_s3_bucket",
      "name": "backup",
      "provider": "provider[\"registry.terraform.io/hashicorp/aws\"]",
      "instances": [
        {
          "schema_version": 0,
          "attributes": {
            "acceleration_status": "",
            "acl": null,
            "arn": "arn:aws:s3:::wireguard-backup-c73046cd67bf92dc",
            "bucket": "wireguard-backup-c73046cd67bf92dc",
            "bucket_domain_name": "wireguard-backup-c73046cd67bf92dc.s3.amazonaws.com",
            "bucket_prefix": null,
            "bucket_regional_domain_name": "wireguard-backup-c73046cd67bf92dc.s3.us-west-2.amazonaws.com",
            "cors_rule": [],
            "force_destroy": false,
            "grant": [
              {
                "id": "1bd438c6e350d487578295db44c8738b344e17fd44fc6a056f8ab189f726fcff",
                "permissions": [
                  "FULL_CONTROL"
                ],
                "type": "CanonicalUser",
                "uri": ""
              }
            ],
            "hosted_zone_id": "Z3BJ6K6RIION7M",
            "id": "wireguard-backup-c73046cd67bf92dc",
            "lifecycle_rule": [],
            "logging": [],
            "object_lock_configuration": [],
            "object_lock_enabled": false,
            "policy": "",
            "region": "us-west-2",
            "replication_configuration": [],
            "request_payer": "BucketOwner",
            "server_side_encryption_configuration": [],
            "tags": {
              "Name": "wireguard-backup-c73046cd67bf92dc",
              "Project UUID": "c73046cd67bf92dc"
            },
            "tags_all": {
              "Name": "wireguard-backup-c73046cd67bf92dc",
              "Project UUID": "c73046cd67bf92dc"
            },
            "timeouts": null,
            "versioning": [
              {
                "enabled": false,
                "mfa_delete": false
              }
            ],
            "website": [],
            "website_domain": null,
            "website_endpoint": null
          },
          "sensitive_attributes": [],
          "private": "eyJlMmJmYjczMC1lY2FhLTExZTYtOGY4OC0zNDM2M2JjN2M0YzAiOnsiY3JlYXRlIjoxMjAwMDAwMDAwMDAwLCJkZWxldGUiOjM2MDAwMDAwMDAwMDAsInJlYWQiOjEyMDAwMDAwMDAwMDAsInVwZGF0ZSI6MTIwMDAwMDAwMDAwMH19",
          "dependencies": [
            "random_id.project_uuid"
          ]
        }
      ]
    },
    {
      "mode": "managed",
      "type": "aws_s3_bucket_acl",
      "name": "private",
      "provider": "provider[\"registry.terraform.io/hashicorp/aws\"]",
      "instances": [
        {
          "schema_version": 0,
          "attributes": {
            "access_control_policy": [
              {
                "grant": [
                  {
                    "grantee": [
                      {
                        "display_name": "oCa.flash",
                        "email_address": "",
                        "id": "1bd438c6e350d487578295db44c8738b344e17fd44fc6a056f8ab189f726fcff",
                        "type": "CanonicalUser",
                        "uri": ""
                      }
                    ],
                    "permission": "FULL_CONTROL"
                  }
                ],
                "owner": [
                  {
                    "display_name": "oCa.flash",
                    "id": "1bd438c6e350d487578295db44c8738b344e17fd44fc6a056f8ab189f726fcff"
                  }
                ]
              }
            ],
            "acl": "private",
            "bucket": "wireguard-backup-c73046cd67bf92dc",
            "expected_bucket_owner": "",
            "id": "wireguard-backup-c73046cd67bf92dc,private"
          },
          "sensitive_attributes": [],
          "private": "bnVsbA==",
          "dependencies": [
            "aws_s3_bucket.backup",
            "random_id.project_uuid"
          ]
        }
      ]
    },
    {
      "mode": "managed",
      "type": "aws_security_group",
      "name": "wireguard",
      "provider": "provider[\"registry.terraform.io/hashicorp/aws\"]",
      "instances": [
        {
          "schema_version": 1,
          "attributes": {
            "arn": "arn:aws:ec2:us-west-2:207351400916:security-group/sg-0218ddb419c995c8f",
            "description": "Wireguard security group",
            "egress": [
              {
                "cidr_blocks": [
                  "0.0.0.0/0"
                ],
                "description": "",
                "from_port": 0,
                "ipv6_cidr_blocks": [],
                "prefix_list_ids": [],
                "protocol": "-1",
                "security_groups": [],
                "self": false,
                "to_port": 0
              }
            ],
            "id": "sg-0218ddb419c995c8f",
            "ingress": [
              {
                "cidr_blocks": [
                  "0.0.0.0/0"
                ],
                "description": "",
                "from_port": 14267,
                "ipv6_cidr_blocks": [],
                "prefix_list_ids": [],
                "protocol": "udp",
                "security_groups": [],
                "self": false,
                "to_port": 14267
              },
              {
                "cidr_blocks": [
                  "0.0.0.0/0"
                ],
                "description": "",
                "from_port": 22,
                "ipv6_cidr_blocks": [],
                "prefix_list_ids": [],
                "protocol": "tcp",
                "security_groups": [],
                "self": false,
                "to_port": 22
              },
              {
                "cidr_blocks": [
                  "0.0.0.0/0"
                ],
                "description": "",
                "from_port": 9672,
                "ipv6_cidr_blocks": [],
                "prefix_list_ids": [],
                "protocol": "tcp",
                "security_groups": [],
                "self": false,
                "to_port": 9672
              }
            ],
            "name": "wireguard-sg-vpn",
            "name_prefix": "",
            "owner_id": "207351400916",
            "revoke_rules_on_delete": false,
            "tags": {
              "Name": "wireguard TCP/UDP Access",
              "Project UUID": "c73046cd67bf92dc"
            },
            "tags_all": {
              "Name": "wireguard TCP/UDP Access",
              "Project UUID": "c73046cd67bf92dc"
            },
            "timeouts": null,
            "vpc_id": "vpc-6cc2c514"
          },
          "sensitive_attributes": [],
          "private": "eyJlMmJmYjczMC1lY2FhLTExZTYtOGY4OC0zNDM2M2JjN2M0YzAiOnsiY3JlYXRlIjo2MDAwMDAwMDAwMDAsImRlbGV0ZSI6OTAwMDAwMDAwMDAwfSwic2NoZW1hX3ZlcnNpb24iOiIxIn0=",
          "dependencies": [
            "aws_default_vpc.default",
            "random_id.project_uuid",
            "random_integer.client_port",
            "random_integer.public_port"
          ]
        }
      ]
    },
    {
      "mode": "managed",
      "type": "local_file",
      "name": "ssh_key_private",
      "provider": "provider[\"registry.terraform.io/hashicorp/local\"]",
      "instances": [
        {
          "schema_version": 0,
          "attributes": {
            "content": "-----BEGIN OPENSSH PRIVATE KEY-----\nb3BlbnNzaC1rZXktdjEAAAAABG5vbmUAAAAEbm9uZQAAAAAAAAABAAAAMwAAAAtz\nc2gtZWQyNTUxOQAAACCl8eAIP+zh0AqPuRn6ZU9P0EqpSxt6DAXBE2rH9id/WwAA\nAIjmZDac5mQ2nAAAAAtzc2gtZWQyNTUxOQAAACCl8eAIP+zh0AqPuRn6ZU9P0Eqp\nSxt6DAXBE2rH9id/WwAAAEBr5uPll7+O9vP3AP8z8Qdb1MYSrh72z1FARJmfyOyf\njqXx4Ag/7OHQCo+5GfplT0/QSqlLG3oMBcETasf2J39bAAAAAAECAwQF\n-----END OPENSSH PRIVATE KEY-----\n",
            "content_base64": null,
            "directory_permission": "0777",
            "file_permission": "0600",
            "filename": "wireguard-key",
            "id": "511434e5223e8c1749d36c0aa1b59d60aa52d324",
            "sensitive_content": null,
            "source": null
          },
          "sensitive_attributes": [
            [
              {
                "type": "get_attr",
                "value": "content"
              }
            ]
          ],
          "private": "bnVsbA==",
          "dependencies": [
            "aws_key_pair.auth",
            "tls_private_key.ssh"
          ]
        }
      ]
    },
    {
      "mode": "managed",
      "type": "random_id",
      "name": "project_uuid",
      "provider": "provider[\"registry.terraform.io/hashicorp/random\"]",
      "instances": [
        {
          "schema_version": 0,
          "attributes": {
            "b64_std": "xzBGzWe/ktw=",
            "b64_url": "xzBGzWe_ktw",
            "byte_length": 8,
            "dec": "14353049860452618972",
            "hex": "c73046cd67bf92dc",
            "id": "xzBGzWe_ktw",
            "keepers": null,
            "prefix": null
          },
          "sensitive_attributes": []
        }
      ]
    },
    {
      "mode": "managed",
      "type": "random_id",
      "name": "web_admin_pass",
      "provider": "provider[\"registry.terraform.io/hashicorp/random\"]",
      "instances": [
        {
          "schema_version": 0,
          "attributes": {
            "b64_std": "UyLgEE1LAx0=",
            "b64_url": "UyLgEE1LAx0",
            "byte_length": 8,
            "dec": "5990596814977041181",
            "hex": "5322e0104d4b031d",
            "id": "UyLgEE1LAx0",
            "keepers": null,
            "prefix": null
          },
          "sensitive_attributes": []
        }
      ]
    },
    {
      "mode": "managed",
      "type": "random_integer",
      "name": "client_port",
      "provider": "provider[\"registry.terraform.io/hashicorp/random\"]",
      "instances": [
        {
          "schema_version": 0,
          "attributes": {
            "id": "14267",
            "keepers": null,
            "max": 65536,
            "min": 10000,
            "result": 14267,
            "seed": null
          },
          "sensitive_attributes": []
        }
      ]
    },
    {
      "mode": "managed",
      "type": "random_integer",
      "name": "public_port",
      "provider": "provider[\"registry.terraform.io/hashicorp/random\"]",
      "instances": [
        {
          "schema_version": 0,
          "attributes": {
            "id": "9672",
            "keepers": null,
            "max": 9999,
            "min": 1000,
            "result": 9672,
            "seed": null
          },
          "sensitive_attributes": []
        }
      ]
    },
    {
      "mode": "managed",
      "type": "tls_private_key",
      "name": "ssh",
      "provider": "provider[\"registry.terraform.io/hashicorp/tls\"]",
      "instances": [
        {
          "schema_version": 1,
          "attributes": {
            "algorithm": "ED25519",
            "ecdsa_curve": "P224",
            "id": "71bb34d5da184c302818cf472516335011b333ae",
            "private_key_openssh": "-----BEGIN OPENSSH PRIVATE KEY-----\nb3BlbnNzaC1rZXktdjEAAAAABG5vbmUAAAAEbm9uZQAAAAAAAAABAAAAMwAAAAtz\nc2gtZWQyNTUxOQAAACCl8eAIP+zh0AqPuRn6ZU9P0EqpSxt6DAXBE2rH9id/WwAA\nAIjmZDac5mQ2nAAAAAtzc2gtZWQyNTUxOQAAACCl8eAIP+zh0AqPuRn6ZU9P0Eqp\nSxt6DAXBE2rH9id/WwAAAEBr5uPll7+O9vP3AP8z8Qdb1MYSrh72z1FARJmfyOyf\njqXx4Ag/7OHQCo+5GfplT0/QSqlLG3oMBcETasf2J39bAAAAAAECAwQF\n-----END OPENSSH PRIVATE KEY-----\n",
            "private_key_pem": "-----BEGIN PRIVATE KEY-----\nMC4CAQAwBQYDK2VwBCIEIGvm4+WXv4728/cA/zPxB1vUxhKuHvbPUUBEmZ/I7J+O\n-----END PRIVATE KEY-----\n",
            "private_key_pem_pkcs8": "-----BEGIN PRIVATE KEY-----\nMC4CAQAwBQYDK2VwBCIEIGvm4+WXv4728/cA/zPxB1vUxhKuHvbPUUBEmZ/I7J+O\n-----END PRIVATE KEY-----\n",
            "public_key_fingerprint_md5": "f3:51:23:65:1c:67:58:c9:64:a1:fb:13:09:38:51:e1",
            "public_key_fingerprint_sha256": "SHA256:yt2/UiVSTFYHhhSNO0PA7jqR+nMBQToFa0tPEg8H9vY",
            "public_key_openssh": "ssh-ed25519 AAAAC3NzaC1lZDI1NTE5AAAAIKXx4Ag/7OHQCo+5GfplT0/QSqlLG3oMBcETasf2J39b\n",
            "public_key_pem": "-----BEGIN PUBLIC KEY-----\nMCowBQYDK2VwAyEApfHgCD/s4dAKj7kZ+mVPT9BKqUsbegwFwRNqx/Ynf1s=\n-----END PUBLIC KEY-----\n",
            "rsa_bits": 2048
          },
          "sensitive_attributes": []
        }
      ]
    }
  ]
}
